
Microsoft Visual Studio Solution File, Format Version 12.00
# Visual Studio Version 17
VisualStudioVersion = 17.0.31903.59
MinimumVisualStudioVersion = 10.0.40219.1
Project("{2150E333-8FDC-42A3-9474-1A3956D46DE8}") = "BuildingBlocks", "BuildingBlocks", "{7266C4A9-E384-DC00-0EB6-47F6002CFBA7}"
EndProject
Project("{FAE04EC0-301F-11D3-BF4B-00C04F79EFBC}") = "Ehs.Contracts", "src\BuildingBlocks\Ehs.Contracts\Ehs.Contracts.csproj", "{96222917-B19A-4CF0-90FA-D509AD7356E3}"
EndProject
Project("{FAE04EC0-301F-11D3-BF4B-00C04F79EFBC}") = "Ehs.SharedKernel", "src\BuildingBlocks\Ehs.SharedKernel\Ehs.SharedKernel.csproj", "{A6EF4607-5653-4156-9A41-7AC353638FD4}"
EndProject
Project("{FAE04EC0-301F-11D3-BF4B-00C04F79EFBC}") = "Ehs.EventBus", "src\BuildingBlocks\Ehs.EventBus\Ehs.EventBus.csproj", "{ADFCD845-A3EB-44C9-8434-886C8CB4252C}"
EndProject
Project("{FAE04EC0-301F-11D3-BF4B-00C04F79EFBC}") = "Ehs.Observability", "src\BuildingBlocks\Ehs.Observability\Ehs.Observability.csproj", "{BD1B49DD-5188-48B6-801C-3A59E865D659}"
EndProject
Project("{2150E333-8FDC-42A3-9474-1A3956D46DE8}") = "Services", "Services", "{5854FF58-B8C5-05C6-5BF2-ACE42193F22B}"
EndProject
Project("{2150E333-8FDC-42A3-9474-1A3956D46DE8}") = "Audit", "Audit", "{1D76C8A9-087D-026C-39DE-3B7051FD459C}"
EndProject
Project("{FAE04EC0-301F-11D3-BF4B-00C04F79EFBC}") = "Audit.Api", "src\Services\Audit\Audit.Api\Audit.Api.csproj", "{89459E85-4387-4485-B4A3-BBDAA9B60B70}"
EndProject
Project("{FAE04EC0-301F-11D3-BF4B-00C04F79EFBC}") = "Audit.Application", "src\Services\Audit\Audit.Application\Audit.Application.csproj", "{AC3AC4AF-E03C-43F3-AC8C-10A4858592EA}"
EndProject
Project("{FAE04EC0-301F-11D3-BF4B-00C04F79EFBC}") = "Audit.Domain", "src\Services\Audit\Audit.Domain\Audit.Domain.csproj", "{F107AA5A-8926-4EF9-B9A9-2EAF26E1F916}"
EndProject
Project("{FAE04EC0-301F-11D3-BF4B-00C04F79EFBC}") = "Audit.Contracts", "src\Services\Audit\Audit.Contracts\Audit.Contracts.csproj", "{62FDA32B-5A4D-420B-A005-9021C878B844}"
EndProject
Project("{FAE04EC0-301F-11D3-BF4B-00C04F79EFBC}") = "Audit.Infrastructure", "src\Services\Audit\Audit.Infrastructure\Audit.Infrastructure.csproj", "{B707C626-03AF-414D-9F4F-2AB7680DC950}"
EndProject
Project("{FAE04EC0-301F-11D3-BF4B-00C04F79EFBC}") = "Audit.UnitTests", "src\Services\Audit\Audit.UnitTests\Audit.UnitTests.csproj", "{D54F5BB0-1527-4A02-A980-E67B406FE52A}"
EndProject
Project("{FAE04EC0-301F-11D3-BF4B-00C04F79EFBC}") = "Audit.IntegrationTests", "src\Services\Audit\Audit.IntegrationTests\Audit.IntegrationTests.csproj", "{65A457E9-96A8-4778-ADA0-B783840FA817}"
EndProject
Project("{2150E333-8FDC-42A3-9474-1A3956D46DE8}") = "Finding", "Finding", "{DF5C5588-BCBC-0155-D5A7-4C97CBE0BF95}"
EndProject
Project("{FAE04EC0-301F-11D3-BF4B-00C04F79EFBC}") = "Finding.Api", "src\Services\Finding\Finding.Api\Finding.Api.csproj", "{D6A3F4C1-A5A8-4D28-BF65-AD9A00F18C23}"
EndProject
Project("{FAE04EC0-301F-11D3-BF4B-00C04F79EFBC}") = "Finding.Application", "src\Services\Finding\Finding.Application\Finding.Application.csproj", "{A731F15F-2B60-42BC-9404-4F66C6B22D12}"
EndProject
Project("{FAE04EC0-301F-11D3-BF4B-00C04F79EFBC}") = "Finding.Domain", "src\Services\Finding\Finding.Domain\Finding.Domain.csproj", "{92FFC6B1-39AD-41DD-B9AF-AD67638A8534}"
EndProject
Project("{FAE04EC0-301F-11D3-BF4B-00C04F79EFBC}") = "Finding.Contracts", "src\Services\Finding\Finding.Contracts\Finding.Contracts.csproj", "{26454EB2-2191-4847-81AF-3E163F1F5C41}"
EndProject
Project("{FAE04EC0-301F-11D3-BF4B-00C04F79EFBC}") = "Finding.Infrastructure", "src\Services\Finding\Finding.Infrastructure\Finding.Infrastructure.csproj", "{2B0F2110-5D45-426B-A1C7-2D4B500B815C}"
EndProject
Project("{FAE04EC0-301F-11D3-BF4B-00C04F79EFBC}") = "Finding.UnitTests", "src\Services\Finding\Finding.UnitTests\Finding.UnitTests.csproj", "{40213C7A-1110-4EC8-889D-454374FE3376}"
EndProject
Project("{FAE04EC0-301F-11D3-BF4B-00C04F79EFBC}") = "Finding.IntegrationTests", "src\Services\Finding\Finding.IntegrationTests\Finding.IntegrationTests.csproj", "{8F0EB3CA-DBAF-435F-9056-E353B6E26681}"
EndProject
Project("{2150E333-8FDC-42A3-9474-1A3956D46DE8}") = "ActionPlan", "ActionPlan", "{C8E19F1E-660C-2424-AFCF-32A5336AE7CD}"
EndProject
Project("{FAE04EC0-301F-11D3-BF4B-00C04F79EFBC}") = "ActionPlan.Api", "src\Services\ActionPlan\ActionPlan.Api\ActionPlan.Api.csproj", "{24B8AD79-703D-478A-8FA4-6011EB9985FB}"
EndProject
Project("{FAE04EC0-301F-11D3-BF4B-00C04F79EFBC}") = "ActionPlan.Application", "src\Services\ActionPlan\ActionPlan.Application\ActionPlan.Application.csproj", "{7A514C9C-281C-4D30-840D-B8A07188F434}"
EndProject
Project("{FAE04EC0-301F-11D3-BF4B-00C04F79EFBC}") = "ActionPlan.Domain", "src\Services\ActionPlan\ActionPlan.Domain\ActionPlan.Domain.csproj", "{4D0C11F4-D8D3-4C66-9C6E-978CA2DB93A1}"
EndProject
Project("{FAE04EC0-301F-11D3-BF4B-00C04F79EFBC}") = "ActionPlan.Contracts", "src\Services\ActionPlan\ActionPlan.Contracts\ActionPlan.Contracts.csproj", "{99457DD7-B7BD-4D0B-AFC4-C1A1E51443F1}"
EndProject
Project("{FAE04EC0-301F-11D3-BF4B-00C04F79EFBC}") = "ActionPlan.Infrastructure", "src\Services\ActionPlan\ActionPlan.Infrastructure\ActionPlan.Infrastructure.csproj", "{0B10FCBB-1BE0-4246-BE7C-8F16A1BC988C}"
EndProject
Project("{FAE04EC0-301F-11D3-BF4B-00C04F79EFBC}") = "ActionPlan.UnitTests", "src\Services\ActionPlan\ActionPlan.UnitTests\ActionPlan.UnitTests.csproj", "{631CD965-6A26-4419-BCB3-D8CAD97DA67C}"
EndProject
Project("{FAE04EC0-301F-11D3-BF4B-00C04F79EFBC}") = "ActionPlan.IntegrationTests", "src\Services\ActionPlan\ActionPlan.IntegrationTests\ActionPlan.IntegrationTests.csproj", "{ECC3F24B-1501-4555-A6EA-0FCF10F27227}"
EndProject
Project("{2150E333-8FDC-42A3-9474-1A3956D46DE8}") = "Notification", "Notification", "{06470F13-D646-4954-ED4A-FA216054436A}"
EndProject
Project("{FAE04EC0-301F-11D3-BF4B-00C04F79EFBC}") = "Notification.Api", "src\Services\Notification\Notification.Api\Notification.Api.csproj", "{D259DEA3-DCE9-496D-87EC-F42BBEEAFBBE}"
EndProject
Project("{FAE04EC0-301F-11D3-BF4B-00C04F79EFBC}") = "Notification.Application", "src\Services\Notification\Notification.Application\Notification.Application.csproj", "{118CB5F0-34D9-409C-8F43-6987F0D00757}"
EndProject
Project("{FAE04EC0-301F-11D3-BF4B-00C04F79EFBC}") = "Notification.Domain", "src\Services\Notification\Notification.Domain\Notification.Domain.csproj", "{8F0F07B8-7971-4C24-8B3E-124B4E496C5F}"
EndProject
Project("{FAE04EC0-301F-11D3-BF4B-00C04F79EFBC}") = "Notification.Contracts", "src\Services\Notification\Notification.Contracts\Notification.Contracts.csproj", "{67D3B41E-EEED-4BA9-9FBE-ECBAF260B711}"
EndProject
Project("{FAE04EC0-301F-11D3-BF4B-00C04F79EFBC}") = "Notification.Infrastructure", "src\Services\Notification\Notification.Infrastructure\Notification.Infrastructure.csproj", "{5D8B3001-A0F8-4E5E-9EBA-B797BAD1E371}"
EndProject
Project("{FAE04EC0-301F-11D3-BF4B-00C04F79EFBC}") = "Notification.UnitTests", "src\Services\Notification\Notification.UnitTests\Notification.UnitTests.csproj", "{EDD94FCE-CEC2-4FED-8915-3C21B2B1F72C}"
EndProject
Project("{FAE04EC0-301F-11D3-BF4B-00C04F79EFBC}") = "Notification.IntegrationTests", "src\Services\Notification\Notification.IntegrationTests\Notification.IntegrationTests.csproj", "{22471ABE-5F02-40DF-8108-CAC5C19B2386}"
EndProject
Project("{2150E333-8FDC-42A3-9474-1A3956D46DE8}") = "Reporting", "Reporting", "{694370DE-EFDF-417D-2C0B-565E7EEF2A7A}"
EndProject
Project("{FAE04EC0-301F-11D3-BF4B-00C04F79EFBC}") = "Reporting.Api", "src\Services\Reporting\Reporting.Api\Reporting.Api.csproj", "{D43364EF-4E1C-47E6-9062-5317DBBB6C18}"
EndProject
Project("{FAE04EC0-301F-11D3-BF4B-00C04F79EFBC}") = "Reporting.Application", "src\Services\Reporting\Reporting.Application\Reporting.Application.csproj", "{6E710332-DC81-4105-BB3E-032A1FEFD8D6}"
EndProject
Project("{FAE04EC0-301F-11D3-BF4B-00C04F79EFBC}") = "Reporting.Domain", "src\Services\Reporting\Reporting.Domain\Reporting.Domain.csproj", "{FC155CE0-A39E-4504-8856-F77AAF3108B3}"
EndProject
Project("{FAE04EC0-301F-11D3-BF4B-00C04F79EFBC}") = "Reporting.Contracts", "src\Services\Reporting\Reporting.Contracts\Reporting.Contracts.csproj", "{CAADB119-7B59-4D7A-ACDC-65B7CAD9E116}"
EndProject
Project("{FAE04EC0-301F-11D3-BF4B-00C04F79EFBC}") = "Reporting.Infrastructure", "src\Services\Reporting\Reporting.Infrastructure\Reporting.Infrastructure.csproj", "{B765F9FE-C119-4637-8B32-ADEBD7430697}"
EndProject
Project("{FAE04EC0-301F-11D3-BF4B-00C04F79EFBC}") = "Reporting.UnitTests", "src\Services\Reporting\Reporting.UnitTests\Reporting.UnitTests.csproj", "{A179B668-C79F-4A5A-A1C0-8784F94FADFB}"
EndProject
Project("{FAE04EC0-301F-11D3-BF4B-00C04F79EFBC}") = "Reporting.IntegrationTests", "src\Services\Reporting\Reporting.IntegrationTests\Reporting.IntegrationTests.csproj", "{34A73C0E-0E3F-4E72-B171-C3D60682CB5A}"
EndProject
Project("{FAE04EC0-301F-11D3-BF4B-00C04F79EFBC}") = "Ehs.BuildingBlocks.UnitTests", "src\BuildingBlocks\Ehs.BuildingBlocks.UnitTests\Ehs.BuildingBlocks.UnitTests.csproj", "{6FE74914-FB0C-45C9-BB12-E8CC4F99605D}"
EndProject
Global
	GlobalSection(SolutionConfigurationPlatforms) = preSolution
		Debug|Any CPU = Debug|Any CPU
		Debug|x64 = Debug|x64
		Debug|x86 = Debug|x86
		Release|Any CPU = Release|Any CPU
		Release|x64 = Release|x64
		Release|x86 = Release|x86
	EndGlobalSection
	GlobalSection(ProjectConfigurationPlatforms) = postSolution
		{96222917-B19A-4CF0-90FA-D509AD7356E3}.Debug|Any CPU.ActiveCfg = Debug|Any CPU
		{96222917-B19A-4CF0-90FA-D509AD7356E3}.Debug|Any CPU.Build.0 = Debug|Any CPU
		{96222917-B19A-4CF0-90FA-D509AD7356E3}.Debug|x64.ActiveCfg = Debug|Any CPU
		{96222917-B19A-4CF0-90FA-D509AD7356E3}.Debug|x64.Build.0 = Debug|Any CPU
		{96222917-B19A-4CF0-90FA-D509AD7356E3}.Debug|x86.ActiveCfg = Debug|Any CPU
		{96222917-B19A-4CF0-90FA-D509AD7356E3}.Debug|x86.Build.0 = Debug|Any CPU
		{96222917-B19A-4CF0-90FA-D509AD7356E3}.Release|Any CPU.ActiveCfg = Release|Any CPU
		{96222917-B19A-4CF0-90FA-D509AD7356E3}.Release|Any CPU.Build.0 = Release|Any CPU
		{96222917-B19A-4CF0-90FA-D509AD7356E3}.Release|x64.ActiveCfg = Release|Any CPU
		{96222917-B19A-4CF0-90FA-D509AD7356E3}.Release|x64.Build.0 = Release|Any CPU
		{96222917-B19A-4CF0-90FA-D509AD7356E3}.Release|x86.ActiveCfg = Release|Any CPU
		{96222917-B19A-4CF0-90FA-D509AD7356E3}.Release|x86.Build.0 = Release|Any CPU
		{A6EF4607-5653-4156-9A41-7AC353638FD4}.Debug|Any CPU.ActiveCfg = Debug|Any CPU
		{A6EF4607-5653-4156-9A41-7AC353638FD4}.Debug|Any CPU.Build.0 = Debug|Any CPU
		{A6EF4607-5653-4156-9A41-7AC353638FD4}.Debug|x64.ActiveCfg = Debug|Any CPU
		{A6EF4607-5653-4156-9A41-7AC353638FD4}.Debug|x64.Build.0 = Debug|Any CPU
		{A6EF4607-5653-4156-9A41-7AC353638FD4}.Debug|x86.ActiveCfg = Debug|Any CPU
		{A6EF4607-5653-4156-9A41-7AC353638FD4}.Debug|x86.Build.0 = Debug|Any CPU
		{A6EF4607-5653-4156-9A41-7AC353638FD4}.Release|Any CPU.ActiveCfg = Release|Any CPU
		{A6EF4607-5653-4156-9A41-7AC353638FD4}.Release|Any CPU.Build.0 = Release|Any CPU
		{A6EF4607-5653-4156-9A41-7AC353638FD4}.Release|x64.ActiveCfg = Release|Any CPU
		{A6EF4607-5653-4156-9A41-7AC353638FD4}.Release|x64.Build.0 = Release|Any CPU
		{A6EF4607-5653-4156-9A41-7AC353638FD4}.Release|x86.ActiveCfg = Release|Any CPU
		{A6EF4607-5653-4156-9A41-7AC353638FD4}.Release|x86.Build.0 = Release|Any CPU
		{ADFCD845-A3EB-44C9-8434-886C8CB4252C}.Debug|Any CPU.ActiveCfg = Debug|Any CPU
		{ADFCD845-A3EB-44C9-8434-886C8CB4252C}.Debug|Any CPU.Build.0 = Debug|Any CPU
		{ADFCD845-A3EB-44C9-8434-886C8CB4252C}.Debug|x64.ActiveCfg = Debug|Any CPU
		{ADFCD845-A3EB-44C9-8434-886C8CB4252C}.Debug|x64.Build.0 = Debug|Any CPU
		{ADFCD845-A3EB-44C9-8434-886C8CB4252C}.Debug|x86.ActiveCfg = Debug|Any CPU
		{ADFCD845-A3EB-44C9-8434-886C8CB4252C}.Debug|x86.Build.0 = Debug|Any CPU
		{ADFCD845-A3EB-44C9-8434-886C8CB4252C}.Release|Any CPU.ActiveCfg = Release|Any CPU
		{ADFCD845-A3EB-44C9-8434-886C8CB4252C}.Release|Any CPU.Build.0 = Release|Any CPU
		{ADFCD845-A3EB-44C9-8434-886C8CB4252C}.Release|x64.ActiveCfg = Release|Any CPU
		{ADFCD845-A3EB-44C9-8434-886C8CB4252C}.Release|x64.Build.0 = Release|Any CPU
		{ADFCD845-A3EB-44C9-8434-886C8CB4252C}.Release|x86.ActiveCfg = Release|Any CPU
		{ADFCD845-A3EB-44C9-8434-886C8CB4252C}.Release|x86.Build.0 = Release|Any CPU
		{BD1B49DD-5188-48B6-801C-3A59E865D659}.Debug|Any CPU.ActiveCfg = Debug|Any CPU
		{BD1B49DD-5188-48B6-801C-3A59E865D659}.Debug|Any CPU.Build.0 = Debug|Any CPU
		{BD1B49DD-5188-48B6-801C-3A59E865D659}.Debug|x64.ActiveCfg = Debug|Any CPU
		{BD1B49DD-5188-48B6-801C-3A59E865D659}.Debug|x64.Build.0 = Debug|Any CPU
		{BD1B49DD-5188-48B6-801C-3A59E865D659}.Debug|x86.ActiveCfg = Debug|Any CPU
		{BD1B49DD-5188-48B6-801C-3A59E865D659}.Debug|x86.Build.0 = Debug|Any CPU
		{BD1B49DD-5188-48B6-801C-3A59E865D659}.Release|Any CPU.ActiveCfg = Release|Any CPU
		{BD1B49DD-5188-48B6-801C-3A59E865D659}.Release|Any CPU.Build.0 = Release|Any CPU
		{BD1B49DD-5188-48B6-801C-3A59E865D659}.Release|x64.ActiveCfg = Release|Any CPU
		{BD1B49DD-5188-48B6-801C-3A59E865D659}.Release|x64.Build.0 = Release|Any CPU
		{BD1B49DD-5188-48B6-801C-3A59E865D659}.Release|x86.ActiveCfg = Release|Any CPU
		{BD1B49DD-5188-48B6-801C-3A59E865D659}.Release|x86.Build.0 = Release|Any CPU
		{89459E85-4387-4485-B4A3-BBDAA9B60B70}.Debug|Any CPU.ActiveCfg = Debug|Any CPU
		{89459E85-4387-4485-B4A3-BBDAA9B60B70}.Debug|Any CPU.Build.0 = Debug|Any CPU
		{89459E85-4387-4485-B4A3-BBDAA9B60B70}.Debug|x64.ActiveCfg = Debug|Any CPU
		{89459E85-4387-4485-B4A3-BBDAA9B60B70}.Debug|x64.Build.0 = Debug|Any CPU
		{89459E85-4387-4485-B4A3-BBDAA9B60B70}.Debug|x86.ActiveCfg = Debug|Any CPU
		{89459E85-4387-4485-B4A3-BBDAA9B60B70}.Debug|x86.Build.0 = Debug|Any CPU
		{89459E85-4387-4485-B4A3-BBDAA9B60B70}.Release|Any CPU.ActiveCfg = Release|Any CPU
		{89459E85-4387-4485-B4A3-BBDAA9B60B70}.Release|Any CPU.Build.0 = Release|Any CPU
		{89459E85-4387-4485-B4A3-BBDAA9B60B70}.Release|x64.ActiveCfg = Release|Any CPU
		{89459E85-4387-4485-B4A3-BBDAA9B60B70}.Release|x64.Build.0 = Release|Any CPU
		{89459E85-4387-4485-B4A3-BBDAA9B60B70}.Release|x86.ActiveCfg = Release|Any CPU
		{89459E85-4387-4485-B4A3-BBDAA9B60B70}.Release|x86.Build.0 = Release|Any CPU
		{AC3AC4AF-E03C-43F3-AC8C-10A4858592EA}.Debug|Any CPU.ActiveCfg = Debug|Any CPU
		{AC3AC4AF-E03C-43F3-AC8C-10A4858592EA}.Debug|Any CPU.Build.0 = Debug|Any CPU
		{AC3AC4AF-E03C-43F3-AC8C-10A4858592EA}.Debug|x64.ActiveCfg = Debug|Any CPU
		{AC3AC4AF-E03C-43F3-AC8C-10A4858592EA}.Debug|x64.Build.0 = Debug|Any CPU
		{AC3AC4AF-E03C-43F3-AC8C-10A4858592EA}.Debug|x86.ActiveCfg = Debug|Any CPU
		{AC3AC4AF-E03C-43F3-AC8C-10A4858592EA}.Debug|x86.Build.0 = Debug|Any CPU
		{AC3AC4AF-E03C-43F3-AC8C-10A4858592EA}.Release|Any CPU.ActiveCfg = Release|Any CPU
		{AC3AC4AF-E03C-43F3-AC8C-10A4858592EA}.Release|Any CPU.Build.0 = Release|Any CPU
		{AC3AC4AF-E03C-43F3-AC8C-10A4858592EA}.Release|x64.ActiveCfg = Release|Any CPU
		{AC3AC4AF-E03C-43F3-AC8C-10A4858592EA}.Release|x64.Build.0 = Release|Any CPU
		{AC3AC4AF-E03C-43F3-AC8C-10A4858592EA}.Release|x86.ActiveCfg = Release|Any CPU
		{AC3AC4AF-E03C-43F3-AC8C-10A4858592EA}.Release|x86.Build.0 = Release|Any CPU
		{F107AA5A-8926-4EF9-B9A9-2EAF26E1F916}.Debug|Any CPU.ActiveCfg = Debug|Any CPU
		{F107AA5A-8926-4EF9-B9A9-2EAF26E1F916}.Debug|Any CPU.Build.0 = Debug|Any CPU
		{F107AA5A-8926-4EF9-B9A9-2EAF26E1F916}.Debug|x64.ActiveCfg = Debug|Any CPU
		{F107AA5A-8926-4EF9-B9A9-2EAF26E1F916}.Debug|x64.Build.0 = Debug|Any CPU
		{F107AA5A-8926-4EF9-B9A9-2EAF26E1F916}.Debug|x86.ActiveCfg = Debug|Any CPU
		{F107AA5A-8926-4EF9-B9A9-2EAF26E1F916}.Debug|x86.Build.0 = Debug|Any CPU
		{F107AA5A-8926-4EF9-B9A9-2EAF26E1F916}.Release|Any CPU.ActiveCfg = Release|Any CPU
		{F107AA5A-8926-4EF9-B9A9-2EAF26E1F916}.Release|Any CPU.Build.0 = Release|Any CPU
		{F107AA5A-8926-4EF9-B9A9-2EAF26E1F916}.Release|x64.ActiveCfg = Release|Any CPU
		{F107AA5A-8926-4EF9-B9A9-2EAF26E1F916}.Release|x64.Build.0 = Release|Any CPU
		{F107AA5A-8926-4EF9-B9A9-2EAF26E1F916}.Release|x86.ActiveCfg = Release|Any CPU
		{F107AA5A-8926-4EF9-B9A9-2EAF26E1F916}.Release|x86.Build.0 = Release|Any CPU
		{62FDA32B-5A4D-420B-A005-9021C878B844}.Debug|Any CPU.ActiveCfg = Debug|Any CPU
		{62FDA32B-5A4D-420B-A005-9021C878B844}.Debug|Any CPU.Build.0 = Debug|Any CPU
		{62FDA32B-5A4D-420B-A005-9021C878B844}.Debug|x64.ActiveCfg = Debug|Any CPU
		{62FDA32B-5A4D-420B-A005-9021C878B844}.Debug|x64.Build.0 = Debug|Any CPU
		{62FDA32B-5A4D-420B-A005-9021C878B844}.Debug|x86.ActiveCfg = Debug|Any CPU
		{62FDA32B-5A4D-420B-A005-9021C878B844}.Debug|x86.Build.0 = Debug|Any CPU
		{62FDA32B-5A4D-420B-A005-9021C878B844}.Release|Any CPU.ActiveCfg = Release|Any CPU
		{62FDA32B-5A4D-420B-A005-9021C878B844}.Release|Any CPU.Build.0 = Release|Any CPU
		{62FDA32B-5A4D-420B-A005-9021C878B844}.Release|x64.ActiveCfg = Release|Any CPU
		{62FDA32B-5A4D-420B-A005-9021C878B844}.Release|x64.Build.0 = Release|Any CPU
		{62FDA32B-5A4D-420B-A005-9021C878B844}.Release|x86.ActiveCfg = Release|Any CPU
		{62FDA32B-5A4D-420B-A005-9021C878B844}.Release|x86.Build.0 = Release|Any CPU
		{B707C626-03AF-414D-9F4F-2AB7680DC950}.Debug|Any CPU.ActiveCfg = Debug|Any CPU
		{B707C626-03AF-414D-9F4F-2AB7680DC950}.Debug|Any CPU.Build.0 = Debug|Any CPU
		{B707C626-03AF-414D-9F4F-2AB7680DC950}.Debug|x64.ActiveCfg = Debug|Any CPU
		{B707C626-03AF-414D-9F4F-2AB7680DC950}.Debug|x64.Build.0 = Debug|Any CPU
		{B707C626-03AF-414D-9F4F-2AB7680DC950}.Debug|x86.ActiveCfg = Debug|Any CPU
		{B707C626-03AF-414D-9F4F-2AB7680DC950}.Debug|x86.Build.0 = Debug|Any CPU
		{B707C626-03AF-414D-9F4F-2AB7680DC950}.Release|Any CPU.ActiveCfg = Release|Any CPU
		{B707C626-03AF-414D-9F4F-2AB7680DC950}.Release|Any CPU.Build.0 = Release|Any CPU
		{B707C626-03AF-414D-9F4F-2AB7680DC950}.Release|x64.ActiveCfg = Release|Any CPU
		{B707C626-03AF-414D-9F4F-2AB7680DC950}.Release|x64.Build.0 = Release|Any CPU
		{B707C626-03AF-414D-9F4F-2AB7680DC950}.Release|x86.ActiveCfg = Release|Any CPU
		{B707C626-03AF-414D-9F4F-2AB7680DC950}.Release|x86.Build.0 = Release|Any CPU
		{D54F5BB0-1527-4A02-A980-E67B406FE52A}.Debug|Any CPU.ActiveCfg = Debug|Any CPU
		{D54F5BB0-1527-4A02-A980-E67B406FE52A}.Debug|Any CPU.Build.0 = Debug|Any CPU
		{D54F5BB0-1527-4A02-A980-E67B406FE52A}.Debug|x64.ActiveCfg = Debug|Any CPU
		{D54F5BB0-1527-4A02-A980-E67B406FE52A}.Debug|x64.Build.0 = Debug|Any CPU
		{D54F5BB0-1527-4A02-A980-E67B406FE52A}.Debug|x86.ActiveCfg = Debug|Any CPU
		{D54F5BB0-1527-4A02-A980-E67B406FE52A}.Debug|x86.Build.0 = Debug|Any CPU
		{D54F5BB0-1527-4A02-A980-E67B406FE52A}.Release|Any CPU.ActiveCfg = Release|Any CPU
		{D54F5BB0-1527-4A02-A980-E67B406FE52A}.Release|Any CPU.Build.0 = Release|Any CPU
		{D54F5BB0-1527-4A02-A980-E67B406FE52A}.Release|x64.ActiveCfg = Release|Any CPU
		{D54F5BB0-1527-4A02-A980-E67B406FE52A}.Release|x64.Build.0 = Release|Any CPU
		{D54F5BB0-1527-4A02-A980-E67B406FE52A}.Release|x86.ActiveCfg = Release|Any CPU
		{D54F5BB0-1527-4A02-A980-E67B406FE52A}.Release|x86.Build.0 = Release|Any CPU
		{65A457E9-96A8-4778-ADA0-B783840FA817}.Debug|Any CPU.ActiveCfg = Debug|Any CPU
		{65A457E9-96A8-4778-ADA0-B783840FA817}.Debug|Any CPU.Build.0 = Debug|Any CPU
		{65A457E9-96A8-4778-ADA0-B783840FA817}.Debug|x64.ActiveCfg = Debug|Any CPU
		{65A457E9-96A8-4778-ADA0-B783840FA817}.Debug|x64.Build.0 = Debug|Any CPU
		{65A457E9-96A8-4778-ADA0-B783840FA817}.Debug|x86.ActiveCfg = Debug|Any CPU
		{65A457E9-96A8-4778-ADA0-B783840FA817}.Debug|x86.Build.0 = Debug|Any CPU
		{65A457E9-96A8-4778-ADA0-B783840FA817}.Release|Any CPU.ActiveCfg = Release|Any CPU
		{65A457E9-96A8-4778-ADA0-B783840FA817}.Release|Any CPU.Build.0 = Release|Any CPU
		{65A457E9-96A8-4778-ADA0-B783840FA817}.Release|x64.ActiveCfg = Release|Any CPU
		{65A457E9-96A8-4778-ADA0-B783840FA817}.Release|x64.Build.0 = Release|Any CPU
		{65A457E9-96A8-4778-ADA0-B783840FA817}.Release|x86.ActiveCfg = Release|Any CPU
		{65A457E9-96A8-4778-ADA0-B783840FA817}.Release|x86.Build.0 = Release|Any CPU
		{D6A3F4C1-A5A8-4D28-BF65-AD9A00F18C23}.Debug|Any CPU.ActiveCfg = Debug|Any CPU
		{D6A3F4C1-A5A8-4D28-BF65-AD9A00F18C23}.Debug|Any CPU.Build.0 = Debug|Any CPU
		{D6A3F4C1-A5A8-4D28-BF65-AD9A00F18C23}.Debug|x64.ActiveCfg = Debug|Any CPU
		{D6A3F4C1-A5A8-4D28-BF65-AD9A00F18C23}.Debug|x64.Build.0 = Debug|Any CPU
		{D6A3F4C1-A5A8-4D28-BF65-AD9A00F18C23}.Debug|x86.ActiveCfg = Debug|Any CPU
		{D6A3F4C1-A5A8-4D28-BF65-AD9A00F18C23}.Debug|x86.Build.0 = Debug|Any CPU
		{D6A3F4C1-A5A8-4D28-BF65-AD9A00F18C23}.Release|Any CPU.ActiveCfg = Release|Any CPU
		{D6A3F4C1-A5A8-4D28-BF65-AD9A00F18C23}.Release|Any CPU.Build.0 = Release|Any CPU
		{D6A3F4C1-A5A8-4D28-BF65-AD9A00F18C23}.Release|x64.ActiveCfg = Release|Any CPU
		{D6A3F4C1-A5A8-4D28-BF65-AD9A00F18C23}.Release|x64.Build.0 = Release|Any CPU
		{D6A3F4C1-A5A8-4D28-BF65-AD9A00F18C23}.Release|x86.ActiveCfg = Release|Any CPU
		{D6A3F4C1-A5A8-4D28-BF65-AD9A00F18C23}.Release|x86.Build.0 = Release|Any CPU
		{A731F15F-2B60-42BC-9404-4F66C6B22D12}.Debug|Any CPU.ActiveCfg = Debug|Any CPU
		{A731F15F-2B60-42BC-9404-4F66C6B22D12}.Debug|Any CPU.Build.0 = Debug|Any CPU
		{A731F15F-2B60-42BC-9404-4F66C6B22D12}.Debug|x64.ActiveCfg = Debug|Any CPU
		{A731F15F-2B60-42BC-9404-4F66C6B22D12}.Debug|x64.Build.0 = Debug|Any CPU
		{A731F15F-2B60-42BC-9404-4F66C6B22D12}.Debug|x86.ActiveCfg = Debug|Any CPU
		{A731F15F-2B60-42BC-9404-4F66C6B22D12}.Debug|x86.Build.0 = Debug|Any CPU
		{A731F15F-2B60-42BC-9404-4F66C6B22D12}.Release|Any CPU.ActiveCfg = Release|Any CPU
		{A731F15F-2B60-42BC-9404-4F66C6B22D12}.Release|Any CPU.Build.0 = Release|Any CPU
		{A731F15F-2B60-42BC-9404-4F66C6B22D12}.Release|x64.ActiveCfg = Release|Any CPU
		{A731F15F-2B60-42BC-9404-4F66C6B22D12}.Release|x64.Build.0 = Release|Any CPU
		{A731F15F-2B60-42BC-9404-4F66C6B22D12}.Release|x86.ActiveCfg = Release|Any CPU
		{A731F15F-2B60-42BC-9404-4F66C6B22D12}.Release|x86.Build.0 = Release|Any CPU
		{92FFC6B1-39AD-41DD-B9AF-AD67638A8534}.Debug|Any CPU.ActiveCfg = Debug|Any CPU
		{92FFC6B1-39AD-41DD-B9AF-AD67638A8534}.Debug|Any CPU.Build.0 = Debug|Any CPU
		{92FFC6B1-39AD-41DD-B9AF-AD67638A8534}.Debug|x64.ActiveCfg = Debug|Any CPU
		{92FFC6B1-39AD-41DD-B9AF-AD67638A8534}.Debug|x64.Build.0 = Debug|Any CPU
		{92FFC6B1-39AD-41DD-B9AF-AD67638A8534}.Debug|x86.ActiveCfg = Debug|Any CPU
		{92FFC6B1-39AD-41DD-B9AF-AD67638A8534}.Debug|x86.Build.0 = Debug|Any CPU
		{92FFC6B1-39AD-41DD-B9AF-AD67638A8534}.Release|Any CPU.ActiveCfg = Release|Any CPU
		{92FFC6B1-39AD-41DD-B9AF-AD67638A8534}.Release|Any CPU.Build.0 = Release|Any CPU
		{92FFC6B1-39AD-41DD-B9AF-AD67638A8534}.Release|x64.ActiveCfg = Release|Any CPU
		{92FFC6B1-39AD-41DD-B9AF-AD67638A8534}.Release|x64.Build.0 = Release|Any CPU
		{92FFC6B1-39AD-41DD-B9AF-AD67638A8534}.Release|x86.ActiveCfg = Release|Any CPU
		{92FFC6B1-39AD-41DD-B9AF-AD67638A8534}.Release|x86.Build.0 = Release|Any CPU
		{26454EB2-2191-4847-81AF-3E163F1F5C41}.Debug|Any CPU.ActiveCfg = Debug|Any CPU
		{26454EB2-2191-4847-81AF-3E163F1F5C41}.Debug|Any CPU.Build.0 = Debug|Any CPU
		{26454EB2-2191-4847-81AF-3E163F1F5C41}.Debug|x64.ActiveCfg = Debug|Any CPU
		{26454EB2-2191-4847-81AF-3E163F1F5C41}.Debug|x64.Build.0 = Debug|Any CPU
		{26454EB2-2191-4847-81AF-3E163F1F5C41}.Debug|x86.ActiveCfg = Debug|Any CPU
		{26454EB2-2191-4847-81AF-3E163F1F5C41}.Debug|x86.Build.0 = Debug|Any CPU
		{26454EB2-2191-4847-81AF-3E163F1F5C41}.Release|Any CPU.ActiveCfg = Release|Any CPU
		{26454EB2-2191-4847-81AF-3E163F1F5C41}.Release|Any CPU.Build.0 = Release|Any CPU
		{26454EB2-2191-4847-81AF-3E163F1F5C41}.Release|x64.ActiveCfg = Release|Any CPU
		{26454EB2-2191-4847-81AF-3E163F1F5C41}.Release|x64.Build.0 = Release|Any CPU
		{26454EB2-2191-4847-81AF-3E163F1F5C41}.Release|x86.ActiveCfg = Release|Any CPU
		{26454EB2-2191-4847-81AF-3E163F1F5C41}.Release|x86.Build.0 = Release|Any CPU
		{2B0F2110-5D45-426B-A1C7-2D4B500B815C}.Debug|Any CPU.ActiveCfg = Debug|Any CPU
		{2B0F2110-5D45-426B-A1C7-2D4B500B815C}.Debug|Any CPU.Build.0 = Debug|Any CPU
		{2B0F2110-5D45-426B-A1C7-2D4B500B815C}.Debug|x64.ActiveCfg = Debug|Any CPU
		{2B0F2110-5D45-426B-A1C7-2D4B500B815C}.Debug|x64.Build.0 = Debug|Any CPU
		{2B0F2110-5D45-426B-A1C7-2D4B500B815C}.Debug|x86.ActiveCfg = Debug|Any CPU
		{2B0F2110-5D45-426B-A1C7-2D4B500B815C}.Debug|x86.Build.0 = Debug|Any CPU
		{2B0F2110-5D45-426B-A1C7-2D4B500B815C}.Release|Any CPU.ActiveCfg = Release|Any CPU
		{2B0F2110-5D45-426B-A1C7-2D4B500B815C}.Release|Any CPU.Build.0 = Release|Any CPU
		{2B0F2110-5D45-426B-A1C7-2D4B500B815C}.Release|x64.ActiveCfg = Release|Any CPU
		{2B0F2110-5D45-426B-A1C7-2D4B500B815C}.Release|x64.Build.0 = Release|Any CPU
		{2B0F2110-5D45-426B-A1C7-2D4B500B815C}.Release|x86.ActiveCfg = Release|Any CPU
		{2B0F2110-5D45-426B-A1C7-2D4B500B815C}.Release|x86.Build.0 = Release|Any CPU
		{40213C7A-1110-4EC8-889D-454374FE3376}.Debug|Any CPU.ActiveCfg = Debug|Any CPU
		{40213C7A-1110-4EC8-889D-454374FE3376}.Debug|Any CPU.Build.0 = Debug|Any CPU
		{40213C7A-1110-4EC8-889D-454374FE3376}.Debug|x64.ActiveCfg = Debug|Any CPU
		{40213C7A-1110-4EC8-889D-454374FE3376}.Debug|x64.Build.0 = Debug|Any CPU
		{40213C7A-1110-4EC8-889D-454374FE3376}.Debug|x86.ActiveCfg = Debug|Any CPU
		{40213C7A-1110-4EC8-889D-454374FE3376}.Debug|x86.Build.0 = Debug|Any CPU
		{40213C7A-1110-4EC8-889D-454374FE3376}.Release|Any CPU.ActiveCfg = Release|Any CPU
		{40213C7A-1110-4EC8-889D-454374FE3376}.Release|Any CPU.Build.0 = Release|Any CPU
		{40213C7A-1110-4EC8-889D-454374FE3376}.Release|x64.ActiveCfg = Release|Any CPU
		{40213C7A-1110-4EC8-889D-454374FE3376}.Release|x64.Build.0 = Release|Any CPU
		{40213C7A-1110-4EC8-889D-454374FE3376}.Release|x86.ActiveCfg = Release|Any CPU
		{40213C7A-1110-4EC8-889D-454374FE3376}.Release|x86.Build.0 = Release|Any CPU
		{8F0EB3CA-DBAF-435F-9056-E353B6E26681}.Debug|Any CPU.ActiveCfg = Debug|Any CPU
		{8F0EB3CA-DBAF-435F-9056-E353B6E26681}.Debug|Any CPU.Build.0 = Debug|Any CPU
		{8F0EB3CA-DBAF-435F-9056-E353B6E26681}.Debug|x64.ActiveCfg = Debug|Any CPU
		{8F0EB3CA-DBAF-435F-9056-E353B6E26681}.Debug|x64.Build.0 = Debug|Any CPU
		{8F0EB3CA-DBAF-435F-9056-E353B6E26681}.Debug|x86.ActiveCfg = Debug|Any CPU
		{8F0EB3CA-DBAF-435F-9056-E353B6E26681}.Debug|x86.Build.0 = Debug|Any CPU
		{8F0EB3CA-DBAF-435F-9056-E353B6E26681}.Release|Any CPU.ActiveCfg = Release|Any CPU
		{8F0EB3CA-DBAF-435F-9056-E353B6E26681}.Release|Any CPU.Build.0 = Release|Any CPU
		{8F0EB3CA-DBAF-435F-9056-E353B6E26681}.Release|x64.ActiveCfg = Release|Any CPU
		{8F0EB3CA-DBAF-435F-9056-E353B6E26681}.Release|x64.Build.0 = Release|Any CPU
		{8F0EB3CA-DBAF-435F-9056-E353B6E26681}.Release|x86.ActiveCfg = Release|Any CPU
		{8F0EB3CA-DBAF-435F-9056-E353B6E26681}.Release|x86.Build.0 = Release|Any CPU
		{24B8AD79-703D-478A-8FA4-6011EB9985FB}.Debug|Any CPU.ActiveCfg = Debug|Any CPU
		{24B8AD79-703D-478A-8FA4-6011EB9985FB}.Debug|Any CPU.Build.0 = Debug|Any CPU
		{24B8AD79-703D-478A-8FA4-6011EB9985FB}.Debug|x64.ActiveCfg = Debug|Any CPU
		{24B8AD79-703D-478A-8FA4-6011EB9985FB}.Debug|x64.Build.0 = Debug|Any CPU
		{24B8AD79-703D-478A-8FA4-6011EB9985FB}.Debug|x86.ActiveCfg = Debug|Any CPU
		{24B8AD79-703D-478A-8FA4-6011EB9985FB}.Debug|x86.Build.0 = Debug|Any CPU
		{24B8AD79-703D-478A-8FA4-6011EB9985FB}.Release|Any CPU.ActiveCfg = Release|Any CPU
		{24B8AD79-703D-478A-8FA4-6011EB9985FB}.Release|Any CPU.Build.0 = Release|Any CPU
		{24B8AD79-703D-478A-8FA4-6011EB9985FB}.Release|x64.ActiveCfg = Release|Any CPU
		{24B8AD79-703D-478A-8FA4-6011EB9985FB}.Release|x64.Build.0 = Release|Any CPU
		{24B8AD79-703D-478A-8FA4-6011EB9985FB}.Release|x86.ActiveCfg = Release|Any CPU
		{24B8AD79-703D-478A-8FA4-6011EB9985FB}.Release|x86.Build.0 = Release|Any CPU
		{7A514C9C-281C-4D30-840D-B8A07188F434}.Debug|Any CPU.ActiveCfg = Debug|Any CPU
		{7A514C9C-281C-4D30-840D-B8A07188F434}.Debug|Any CPU.Build.0 = Debug|Any CPU
		{7A514C9C-281C-4D30-840D-B8A07188F434}.Debug|x64.ActiveCfg = Debug|Any CPU
		{7A514C9C-281C-4D30-840D-B8A07188F434}.Debug|x64.Build.0 = Debug|Any CPU
		{7A514C9C-281C-4D30-840D-B8A07188F434}.Debug|x86.ActiveCfg = Debug|Any CPU
		{7A514C9C-281C-4D30-840D-B8A07188F434}.Debug|x86.Build.0 = Debug|Any CPU
		{7A514C9C-281C-4D30-840D-B8A07188F434}.Release|Any CPU.ActiveCfg = Release|Any CPU
		{7A514C9C-281C-4D30-840D-B8A07188F434}.Release|Any CPU.Build.0 = Release|Any CPU
		{7A514C9C-281C-4D30-840D-B8A07188F434}.Release|x64.ActiveCfg = Release|Any CPU
		{7A514C9C-281C-4D30-840D-B8A07188F434}.Release|x64.Build.0 = Release|Any CPU
		{7A514C9C-281C-4D30-840D-B8A07188F434}.Release|x86.ActiveCfg = Release|Any CPU
		{7A514C9C-281C-4D30-840D-B8A07188F434}.Release|x86.Build.0 = Release|Any CPU
		{4D0C11F4-D8D3-4C66-9C6E-978CA2DB93A1}.Debug|Any CPU.ActiveCfg = Debug|Any CPU
		{4D0C11F4-D8D3-4C66-9C6E-978CA2DB93A1}.Debug|Any CPU.Build.0 = Debug|Any CPU
		{4D0C11F4-D8D3-4C66-9C6E-978CA2DB93A1}.Debug|x64.ActiveCfg = Debug|Any CPU
		{4D0C11F4-D8D3-4C66-9C6E-978CA2DB93A1}.Debug|x64.Build.0 = Debug|Any CPU
		{4D0C11F4-D8D3-4C66-9C6E-978CA2DB93A1}.Debug|x86.ActiveCfg = Debug|Any CPU
		{4D0C11F4-D8D3-4C66-9C6E-978CA2DB93A1}.Debug|x86.Build.0 = Debug|Any CPU
		{4D0C11F4-D8D3-4C66-9C6E-978CA2DB93A1}.Release|Any CPU.ActiveCfg = Release|Any CPU
		{4D0C11F4-D8D3-4C66-9C6E-978CA2DB93A1}.Release|Any CPU.Build.0 = Release|Any CPU
		{4D0C11F4-D8D3-4C66-9C6E-978CA2DB93A1}.Release|x64.ActiveCfg = Release|Any CPU
		{4D0C11F4-D8D3-4C66-9C6E-978CA2DB93A1}.Release|x64.Build.0 = Release|Any CPU
		{4D0C11F4-D8D3-4C66-9C6E-978CA2DB93A1}.Release|x86.ActiveCfg = Release|Any CPU
		{4D0C11F4-D8D3-4C66-9C6E-978CA2DB93A1}.Release|x86.Build.0 = Release|Any CPU
		{99457DD7-B7BD-4D0B-AFC4-C1A1E51443F1}.Debug|Any CPU.ActiveCfg = Debug|Any CPU
		{99457DD7-B7BD-4D0B-AFC4-C1A1E51443F1}.Debug|Any CPU.Build.0 = Debug|Any CPU
		{99457DD7-B7BD-4D0B-AFC4-C1A1E51443F1}.Debug|x64.ActiveCfg = Debug|Any CPU
		{99457DD7-B7BD-4D0B-AFC4-C1A1E51443F1}.Debug|x64.Build.0 = Debug|Any CPU
		{99457DD7-B7BD-4D0B-AFC4-C1A1E51443F1}.Debug|x86.ActiveCfg = Debug|Any CPU
		{99457DD7-B7BD-4D0B-AFC4-C1A1E51443F1}.Debug|x86.Build.0 = Debug|Any CPU
		{99457DD7-B7BD-4D0B-AFC4-C1A1E51443F1}.Release|Any CPU.ActiveCfg = Release|Any CPU
		{99457DD7-B7BD-4D0B-AFC4-C1A1E51443F1}.Release|Any CPU.Build.0 = Release|Any CPU
		{99457DD7-B7BD-4D0B-AFC4-C1A1E51443F1}.Release|x64.ActiveCfg = Release|Any CPU
		{99457DD7-B7BD-4D0B-AFC4-C1A1E51443F1}.Release|x64.Build.0 = Release|Any CPU
		{99457DD7-B7BD-4D0B-AFC4-C1A1E51443F1}.Release|x86.ActiveCfg = Release|Any CPU
		{99457DD7-B7BD-4D0B-AFC4-C1A1E51443F1}.Release|x86.Build.0 = Release|Any CPU
		{0B10FCBB-1BE0-4246-BE7C-8F16A1BC988C}.Debug|Any CPU.ActiveCfg = Debug|Any CPU
		{0B10FCBB-1BE0-4246-BE7C-8F16A1BC988C}.Debug|Any CPU.Build.0 = Debug|Any CPU
		{0B10FCBB-1BE0-4246-BE7C-8F16A1BC988C}.Debug|x64.ActiveCfg = Debug|Any CPU
		{0B10FCBB-1BE0-4246-BE7C-8F16A1BC988C}.Debug|x64.Build.0 = Debug|Any CPU
		{0B10FCBB-1BE0-4246-BE7C-8F16A1BC988C}.Debug|x86.ActiveCfg = Debug|Any CPU
		{0B10FCBB-1BE0-4246-BE7C-8F16A1BC988C}.Debug|x86.Build.0 = Debug|Any CPU
		{0B10FCBB-1BE0-4246-BE7C-8F16A1BC988C}.Release|Any CPU.ActiveCfg = Release|Any CPU
		{0B10FCBB-1BE0-4246-BE7C-8F16A1BC988C}.Release|Any CPU.Build.0 = Release|Any CPU
		{0B10FCBB-1BE0-4246-BE7C-8F16A1BC988C}.Release|x64.ActiveCfg = Release|Any CPU
		{0B10FCBB-1BE0-4246-BE7C-8F16A1BC988C}.Release|x64.Build.0 = Release|Any CPU
		{0B10FCBB-1BE0-4246-BE7C-8F16A1BC988C}.Release|x86.ActiveCfg = Release|Any CPU
		{0B10FCBB-1BE0-4246-BE7C-8F16A1BC988C}.Release|x86.Build.0 = Release|Any CPU
		{631CD965-6A26-4419-BCB3-D8CAD97DA67C}.Debug|Any CPU.ActiveCfg = Debug|Any CPU
		{631CD965-6A26-4419-BCB3-D8CAD97DA67C}.Debug|Any CPU.Build.0 = Debug|Any CPU
		{631CD965-6A26-4419-BCB3-D8CAD97DA67C}.Debug|x64.ActiveCfg = Debug|Any CPU
		{631CD965-6A26-4419-BCB3-D8CAD97DA67C}.Debug|x64.Build.0 = Debug|Any CPU
		{631CD965-6A26-4419-BCB3-D8CAD97DA67C}.Debug|x86.ActiveCfg = Debug|Any CPU
		{631CD965-6A26-4419-BCB3-D8CAD97DA67C}.Debug|x86.Build.0 = Debug|Any CPU
		{631CD965-6A26-4419-BCB3-D8CAD97DA67C}.Release|Any CPU.ActiveCfg = Release|Any CPU
		{631CD965-6A26-4419-BCB3-D8CAD97DA67C}.Release|Any CPU.Build.0 = Release|Any CPU
		{631CD965-6A26-4419-BCB3-D8CAD97DA67C}.Release|x64.ActiveCfg = Release|Any CPU
		{631CD965-6A26-4419-BCB3-D8CAD97DA67C}.Release|x64.Build.0 = Release|Any CPU
		{631CD965-6A26-4419-BCB3-D8CAD97DA67C}.Release|x86.ActiveCfg = Release|Any CPU
		{631CD965-6A26-4419-BCB3-D8CAD97DA67C}.Release|x86.Build.0 = Release|Any CPU
		{ECC3F24B-1501-4555-A6EA-0FCF10F27227}.Debug|Any CPU.ActiveCfg = Debug|Any CPU
		{ECC3F24B-1501-4555-A6EA-0FCF10F27227}.Debug|Any CPU.Build.0 = Debug|Any CPU
		{ECC3F24B-1501-4555-A6EA-0FCF10F27227}.Debug|x64.ActiveCfg = Debug|Any CPU
		{ECC3F24B-1501-4555-A6EA-0FCF10F27227}.Debug|x64.Build.0 = Debug|Any CPU
		{ECC3F24B-1501-4555-A6EA-0FCF10F27227}.Debug|x86.ActiveCfg = Debug|Any CPU
		{ECC3F24B-1501-4555-A6EA-0FCF10F27227}.Debug|x86.Build.0 = Debug|Any CPU
		{ECC3F24B-1501-4555-A6EA-0FCF10F27227}.Release|Any CPU.ActiveCfg = Release|Any CPU
		{ECC3F24B-1501-4555-A6EA-0FCF10F27227}.Release|Any CPU.Build.0 = Release|Any CPU
		{ECC3F24B-1501-4555-A6EA-0FCF10F27227}.Release|x64.ActiveCfg = Release|Any CPU
		{ECC3F24B-1501-4555-A6EA-0FCF10F27227}.Release|x64.Build.0 = Release|Any CPU
		{ECC3F24B-1501-4555-A6EA-0FCF10F27227}.Release|x86.ActiveCfg = Release|Any CPU
		{ECC3F24B-1501-4555-A6EA-0FCF10F27227}.Release|x86.Build.0 = Release|Any CPU
		{D259DEA3-DCE9-496D-87EC-F42BBEEAFBBE}.Debug|Any CPU.ActiveCfg = Debug|Any CPU
		{D259DEA3-DCE9-496D-87EC-F42BBEEAFBBE}.Debug|Any CPU.Build.0 = Debug|Any CPU
		{D259DEA3-DCE9-496D-87EC-F42BBEEAFBBE}.Debug|x64.ActiveCfg = Debug|Any CPU
		{D259DEA3-DCE9-496D-87EC-F42BBEEAFBBE}.Debug|x64.Build.0 = Debug|Any CPU
		{D259DEA3-DCE9-496D-87EC-F42BBEEAFBBE}.Debug|x86.ActiveCfg = Debug|Any CPU
		{D259DEA3-DCE9-496D-87EC-F42BBEEAFBBE}.Debug|x86.Build.0 = Debug|Any CPU
		{D259DEA3-DCE9-496D-87EC-F42BBEEAFBBE}.Release|Any CPU.ActiveCfg = Release|Any CPU
		{D259DEA3-DCE9-496D-87EC-F42BBEEAFBBE}.Release|Any CPU.Build.0 = Release|Any CPU
		{D259DEA3-DCE9-496D-87EC-F42BBEEAFBBE}.Release|x64.ActiveCfg = Release|Any CPU
		{D259DEA3-DCE9-496D-87EC-F42BBEEAFBBE}.Release|x64.Build.0 = Release|Any CPU
		{D259DEA3-DCE9-496D-87EC-F42BBEEAFBBE}.Release|x86.ActiveCfg = Release|Any CPU
		{D259DEA3-DCE9-496D-87EC-F42BBEEAFBBE}.Release|x86.Build.0 = Release|Any CPU
		{118CB5F0-34D9-409C-8F43-6987F0D00757}.Debug|Any CPU.ActiveCfg = Debug|Any CPU
		{118CB5F0-34D9-409C-8F43-6987F0D00757}.Debug|Any CPU.Build.0 = Debug|Any CPU
		{118CB5F0-34D9-409C-8F43-6987F0D00757}.Debug|x64.ActiveCfg = Debug|Any CPU
		{118CB5F0-34D9-409C-8F43-6987F0D00757}.Debug|x64.Build.0 = Debug|Any CPU
		{118CB5F0-34D9-409C-8F43-6987F0D00757}.Debug|x86.ActiveCfg = Debug|Any CPU
		{118CB5F0-34D9-409C-8F43-6987F0D00757}.Debug|x86.Build.0 = Debug|Any CPU
		{118CB5F0-34D9-409C-8F43-6987F0D00757}.Release|Any CPU.ActiveCfg = Release|Any CPU
		{118CB5F0-34D9-409C-8F43-6987F0D00757}.Release|Any CPU.Build.0 = Release|Any CPU
		{118CB5F0-34D9-409C-8F43-6987F0D00757}.Release|x64.ActiveCfg = Release|Any CPU
		{118CB5F0-34D9-409C-8F43-6987F0D00757}.Release|x64.Build.0 = Release|Any CPU
		{118CB5F0-34D9-409C-8F43-6987F0D00757}.Release|x86.ActiveCfg = Release|Any CPU
		{118CB5F0-34D9-409C-8F43-6987F0D00757}.Release|x86.Build.0 = Release|Any CPU
		{8F0F07B8-7971-4C24-8B3E-124B4E496C5F}.Debug|Any CPU.ActiveCfg = Debug|Any CPU
		{8F0F07B8-7971-4C24-8B3E-124B4E496C5F}.Debug|Any CPU.Build.0 = Debug|Any CPU
		{8F0F07B8-7971-4C24-8B3E-124B4E496C5F}.Debug|x64.ActiveCfg = Debug|Any CPU
		{8F0F07B8-7971-4C24-8B3E-124B4E496C5F}.Debug|x64.Build.0 = Debug|Any CPU
		{8F0F07B8-7971-4C24-8B3E-124B4E496C5F}.Debug|x86.ActiveCfg = Debug|Any CPU
		{8F0F07B8-7971-4C24-8B3E-124B4E496C5F}.Debug|x86.Build.0 = Debug|Any CPU
		{8F0F07B8-7971-4C24-8B3E-124B4E496C5F}.Release|Any CPU.ActiveCfg = Release|Any CPU
		{8F0F07B8-7971-4C24-8B3E-124B4E496C5F}.Release|Any CPU.Build.0 = Release|Any CPU
		{8F0F07B8-7971-4C24-8B3E-124B4E496C5F}.Release|x64.ActiveCfg = Release|Any CPU
		{8F0F07B8-7971-4C24-8B3E-124B4E496C5F}.Release|x64.Build.0 = Release|Any CPU
		{8F0F07B8-7971-4C24-8B3E-124B4E496C5F}.Release|x86.ActiveCfg = Release|Any CPU
		{8F0F07B8-7971-4C24-8B3E-124B4E496C5F}.Release|x86.Build.0 = Release|Any CPU
		{67D3B41E-EEED-4BA9-9FBE-ECBAF260B711}.Debug|Any CPU.ActiveCfg = Debug|Any CPU
		{67D3B41E-EEED-4BA9-9FBE-ECBAF260B711}.Debug|Any CPU.Build.0 = Debug|Any CPU
		{67D3B41E-EEED-4BA9-9FBE-ECBAF260B711}.Debug|x64.ActiveCfg = Debug|Any CPU
		{67D3B41E-EEED-4BA9-9FBE-ECBAF260B711}.Debug|x64.Build.0 = Debug|Any CPU
		{67D3B41E-EEED-4BA9-9FBE-ECBAF260B711}.Debug|x86.ActiveCfg = Debug|Any CPU
		{67D3B41E-EEED-4BA9-9FBE-ECBAF260B711}.Debug|x86.Build.0 = Debug|Any CPU
		{67D3B41E-EEED-4BA9-9FBE-ECBAF260B711}.Release|Any CPU.ActiveCfg = Release|Any CPU
		{67D3B41E-EEED-4BA9-9FBE-ECBAF260B711}.Release|Any CPU.Build.0 = Release|Any CPU
		{67D3B41E-EEED-4BA9-9FBE-ECBAF260B711}.Release|x64.ActiveCfg = Release|Any CPU
		{67D3B41E-EEED-4BA9-9FBE-ECBAF260B711}.Release|x64.Build.0 = Release|Any CPU
		{67D3B41E-EEED-4BA9-9FBE-ECBAF260B711}.Release|x86.ActiveCfg = Release|Any CPU
		{67D3B41E-EEED-4BA9-9FBE-ECBAF260B711}.Release|x86.Build.0 = Release|Any CPU
		{5D8B3001-A0F8-4E5E-9EBA-B797BAD1E371}.Debug|Any CPU.ActiveCfg = Debug|Any CPU
		{5D8B3001-A0F8-4E5E-9EBA-B797BAD1E371}.Debug|Any CPU.Build.0 = Debug|Any CPU
		{5D8B3001-A0F8-4E5E-9EBA-B797BAD1E371}.Debug|x64.ActiveCfg = Debug|Any CPU
		{5D8B3001-A0F8-4E5E-9EBA-B797BAD1E371}.Debug|x64.Build.0 = Debug|Any CPU
		{5D8B3001-A0F8-4E5E-9EBA-B797BAD1E371}.Debug|x86.ActiveCfg = Debug|Any CPU
		{5D8B3001-A0F8-4E5E-9EBA-B797BAD1E371}.Debug|x86.Build.0 = Debug|Any CPU
		{5D8B3001-A0F8-4E5E-9EBA-B797BAD1E371}.Release|Any CPU.ActiveCfg = Release|Any CPU
		{5D8B3001-A0F8-4E5E-9EBA-B797BAD1E371}.Release|Any CPU.Build.0 = Release|Any CPU
		{5D8B3001-A0F8-4E5E-9EBA-B797BAD1E371}.Release|x64.ActiveCfg = Release|Any CPU
		{5D8B3001-A0F8-4E5E-9EBA-B797BAD1E371}.Release|x64.Build.0 = Release|Any CPU
		{5D8B3001-A0F8-4E5E-9EBA-B797BAD1E371}.Release|x86.ActiveCfg = Release|Any CPU
		{5D8B3001-A0F8-4E5E-9EBA-B797BAD1E371}.Release|x86.Build.0 = Release|Any CPU
		{EDD94FCE-CEC2-4FED-8915-3C21B2B1F72C}.Debug|Any CPU.ActiveCfg = Debug|Any CPU
		{EDD94FCE-CEC2-4FED-8915-3C21B2B1F72C}.Debug|Any CPU.Build.0 = Debug|Any CPU
		{EDD94FCE-CEC2-4FED-8915-3C21B2B1F72C}.Debug|x64.ActiveCfg = Debug|Any CPU
		{EDD94FCE-CEC2-4FED-8915-3C21B2B1F72C}.Debug|x64.Build.0 = Debug|Any CPU
		{EDD94FCE-CEC2-4FED-8915-3C21B2B1F72C}.Debug|x86.ActiveCfg = Debug|Any CPU
		{EDD94FCE-CEC2-4FED-8915-3C21B2B1F72C}.Debug|x86.Build.0 = Debug|Any CPU
		{EDD94FCE-CEC2-4FED-8915-3C21B2B1F72C}.Release|Any CPU.ActiveCfg = Release|Any CPU
		{EDD94FCE-CEC2-4FED-8915-3C21B2B1F72C}.Release|Any CPU.Build.0 = Release|Any CPU
		{EDD94FCE-CEC2-4FED-8915-3C21B2B1F72C}.Release|x64.ActiveCfg = Release|Any CPU
		{EDD94FCE-CEC2-4FED-8915-3C21B2B1F72C}.Release|x64.Build.0 = Release|Any CPU
		{EDD94FCE-CEC2-4FED-8915-3C21B2B1F72C}.Release|x86.ActiveCfg = Release|Any CPU
		{EDD94FCE-CEC2-4FED-8915-3C21B2B1F72C}.Release|x86.Build.0 = Release|Any CPU
		{22471ABE-5F02-40DF-8108-CAC5C19B2386}.Debug|Any CPU.ActiveCfg = Debug|Any CPU
		{22471ABE-5F02-40DF-8108-CAC5C19B2386}.Debug|Any CPU.Build.0 = Debug|Any CPU
		{22471ABE-5F02-40DF-8108-CAC5C19B2386}.Debug|x64.ActiveCfg = Debug|Any CPU
		{22471ABE-5F02-40DF-8108-CAC5C19B2386}.Debug|x64.Build.0 = Debug|Any CPU
		{22471ABE-5F02-40DF-8108-CAC5C19B2386}.Debug|x86.ActiveCfg = Debug|Any CPU
		{22471ABE-5F02-40DF-8108-CAC5C19B2386}.Debug|x86.Build.0 = Debug|Any CPU
		{22471ABE-5F02-40DF-8108-CAC5C19B2386}.Release|Any CPU.ActiveCfg = Release|Any CPU
		{22471ABE-5F02-40DF-8108-CAC5C19B2386}.Release|Any CPU.Build.0 = Release|Any CPU
		{22471ABE-5F02-40DF-8108-CAC5C19B2386}.Release|x64.ActiveCfg = Release|Any CPU
		{22471ABE-5F02-40DF-8108-CAC5C19B2386}.Release|x64.Build.0 = Release|Any CPU
		{22471ABE-5F02-40DF-8108-CAC5C19B2386}.Release|x86.ActiveCfg = Release|Any CPU
		{22471ABE-5F02-40DF-8108-CAC5C19B2386}.Release|x86.Build.0 = Release|Any CPU
		{D43364EF-4E1C-47E6-9062-5317DBBB6C18}.Debug|Any CPU.ActiveCfg = Debug|Any CPU
		{D43364EF-4E1C-47E6-9062-5317DBBB6C18}.Debug|Any CPU.Build.0 = Debug|Any CPU
		{D43364EF-4E1C-47E6-9062-5317DBBB6C18}.Debug|x64.ActiveCfg = Debug|Any CPU
		{D43364EF-4E1C-47E6-9062-5317DBBB6C18}.Debug|x64.Build.0 = Debug|Any CPU
		{D43364EF-4E1C-47E6-9062-5317DBBB6C18}.Debug|x86.ActiveCfg = Debug|Any CPU
		{D43364EF-4E1C-47E6-9062-5317DBBB6C18}.Debug|x86.Build.0 = Debug|Any CPU
		{D43364EF-4E1C-47E6-9062-5317DBBB6C18}.Release|Any CPU.ActiveCfg = Release|Any CPU
		{D43364EF-4E1C-47E6-9062-5317DBBB6C18}.Release|Any CPU.Build.0 = Release|Any CPU
		{D43364EF-4E1C-47E6-9062-5317DBBB6C18}.Release|x64.ActiveCfg = Release|Any CPU
		{D43364EF-4E1C-47E6-9062-5317DBBB6C18}.Release|x64.Build.0 = Release|Any CPU
		{D43364EF-4E1C-47E6-9062-5317DBBB6C18}.Release|x86.ActiveCfg = Release|Any CPU
		{D43364EF-4E1C-47E6-9062-5317DBBB6C18}.Release|x86.Build.0 = Release|Any CPU
		{6E710332-DC81-4105-BB3E-032A1FEFD8D6}.Debug|Any CPU.ActiveCfg = Debug|Any CPU
		{6E710332-DC81-4105-BB3E-032A1FEFD8D6}.Debug|Any CPU.Build.0 = Debug|Any CPU
		{6E710332-DC81-4105-BB3E-032A1FEFD8D6}.Debug|x64.ActiveCfg = Debug|Any CPU
		{6E710332-DC81-4105-BB3E-032A1FEFD8D6}.Debug|x64.Build.0 = Debug|Any CPU
		{6E710332-DC81-4105-BB3E-032A1FEFD8D6}.Debug|x86.ActiveCfg = Debug|Any CPU
		{6E710332-DC81-4105-BB3E-032A1FEFD8D6}.Debug|x86.Build.0 = Debug|Any CPU
		{6E710332-DC81-4105-BB3E-032A1FEFD8D6}.Release|Any CPU.ActiveCfg = Release|Any CPU
		{6E710332-DC81-4105-BB3E-032A1FEFD8D6}.Release|Any CPU.Build.0 = Release|Any CPU
		{6E710332-DC81-4105-BB3E-032A1FEFD8D6}.Release|x64.ActiveCfg = Release|Any CPU
		{6E710332-DC81-4105-BB3E-032A1FEFD8D6}.Release|x64.Build.0 = Release|Any CPU
		{6E710332-DC81-4105-BB3E-032A1FEFD8D6}.Release|x86.ActiveCfg = Release|Any CPU
		{6E710332-DC81-4105-BB3E-032A1FEFD8D6}.Release|x86.Build.0 = Release|Any CPU
		{FC155CE0-A39E-4504-8856-F77AAF3108B3}.Debug|Any CPU.ActiveCfg = Debug|Any CPU
		{FC155CE0-A39E-4504-8856-F77AAF3108B3}.Debug|Any CPU.Build.0 = Debug|Any CPU
		{FC155CE0-A39E-4504-8856-F77AAF3108B3}.Debug|x64.ActiveCfg = Debug|Any CPU
		{FC155CE0-A39E-4504-8856-F77AAF3108B3}.Debug|x64.Build.0 = Debug|Any CPU
		{FC155CE0-A39E-4504-8856-F77AAF3108B3}.Debug|x86.ActiveCfg = Debug|Any CPU
		{FC155CE0-A39E-4504-8856-F77AAF3108B3}.Debug|x86.Build.0 = Debug|Any CPU
		{FC155CE0-A39E-4504-8856-F77AAF3108B3}.Release|Any CPU.ActiveCfg = Release|Any CPU
		{FC155CE0-A39E-4504-8856-F77AAF3108B3}.Release|Any CPU.Build.0 = Release|Any CPU
		{FC155CE0-A39E-4504-8856-F77AAF3108B3}.Release|x64.ActiveCfg = Release|Any CPU
		{FC155CE0-A39E-4504-8856-F77AAF3108B3}.Release|x64.Build.0 = Release|Any CPU
		{FC155CE0-A39E-4504-8856-F77AAF3108B3}.Release|x86.ActiveCfg = Release|Any CPU
		{FC155CE0-A39E-4504-8856-F77AAF3108B3}.Release|x86.Build.0 = Release|Any CPU
		{CAADB119-7B59-4D7A-ACDC-65B7CAD9E116}.Debug|Any CPU.ActiveCfg = Debug|Any CPU
		{CAADB119-7B59-4D7A-ACDC-65B7CAD9E116}.Debug|Any CPU.Build.0 = Debug|Any CPU
		{CAADB119-7B59-4D7A-ACDC-65B7CAD9E116}.Debug|x64.ActiveCfg = Debug|Any CPU
		{CAADB119-7B59-4D7A-ACDC-65B7CAD9E116}.Debug|x64.Build.0 = Debug|Any CPU
		{CAADB119-7B59-4D7A-ACDC-65B7CAD9E116}.Debug|x86.ActiveCfg = Debug|Any CPU
		{CAADB119-7B59-4D7A-ACDC-65B7CAD9E116}.Debug|x86.Build.0 = Debug|Any CPU
		{CAADB119-7B59-4D7A-ACDC-65B7CAD9E116}.Release|Any CPU.ActiveCfg = Release|Any CPU
		{CAADB119-7B59-4D7A-ACDC-65B7CAD9E116}.Release|Any CPU.Build.0 = Release|Any CPU
		{CAADB119-7B59-4D7A-ACDC-65B7CAD9E116}.Release|x64.ActiveCfg = Release|Any CPU
		{CAADB119-7B59-4D7A-ACDC-65B7CAD9E116}.Release|x64.Build.0 = Release|Any CPU
		{CAADB119-7B59-4D7A-ACDC-65B7CAD9E116}.Release|x86.ActiveCfg = Release|Any CPU
		{CAADB119-7B59-4D7A-ACDC-65B7CAD9E116}.Release|x86.Build.0 = Release|Any CPU
		{B765F9FE-C119-4637-8B32-ADEBD7430697}.Debug|Any CPU.ActiveCfg = Debug|Any CPU
		{B765F9FE-C119-4637-8B32-ADEBD7430697}.Debug|Any CPU.Build.0 = Debug|Any CPU
		{B765F9FE-C119-4637-8B32-ADEBD7430697}.Debug|x64.ActiveCfg = Debug|Any CPU
		{B765F9FE-C119-4637-8B32-ADEBD7430697}.Debug|x64.Build.0 = Debug|Any CPU
		{B765F9FE-C119-4637-8B32-ADEBD7430697}.Debug|x86.ActiveCfg = Debug|Any CPU
		{B765F9FE-C119-4637-8B32-ADEBD7430697}.Debug|x86.Build.0 = Debug|Any CPU
		{B765F9FE-C119-4637-8B32-ADEBD7430697}.Release|Any CPU.ActiveCfg = Release|Any CPU
		{B765F9FE-C119-4637-8B32-ADEBD7430697}.Release|Any CPU.Build.0 = Release|Any CPU
		{B765F9FE-C119-4637-8B32-ADEBD7430697}.Release|x64.ActiveCfg = Release|Any CPU
		{B765F9FE-C119-4637-8B32-ADEBD7430697}.Release|x64.Build.0 = Release|Any CPU
		{B765F9FE-C119-4637-8B32-ADEBD7430697}.Release|x86.ActiveCfg = Release|Any CPU
		{B765F9FE-C119-4637-8B32-ADEBD7430697}.Release|x86.Build.0 = Release|Any CPU
		{A179B668-C79F-4A5A-A1C0-8784F94FADFB}.Debug|Any CPU.ActiveCfg = Debug|Any CPU
		{A179B668-C79F-4A5A-A1C0-8784F94FADFB}.Debug|Any CPU.Build.0 = Debug|Any CPU
		{A179B668-C79F-4A5A-A1C0-8784F94FADFB}.Debug|x64.ActiveCfg = Debug|Any CPU
		{A179B668-C79F-4A5A-A1C0-8784F94FADFB}.Debug|x64.Build.0 = Debug|Any CPU
		{A179B668-C79F-4A5A-A1C0-8784F94FADFB}.Debug|x86.ActiveCfg = Debug|Any CPU
		{A179B668-C79F-4A5A-A1C0-8784F94FADFB}.Debug|x86.Build.0 = Debug|Any CPU
		{A179B668-C79F-4A5A-A1C0-8784F94FADFB}.Release|Any CPU.ActiveCfg = Release|Any CPU
		{A179B668-C79F-4A5A-A1C0-8784F94FADFB}.Release|Any CPU.Build.0 = Release|Any CPU
		{A179B668-C79F-4A5A-A1C0-8784F94FADFB}.Release|x64.ActiveCfg = Release|Any CPU
		{A179B668-C79F-4A5A-A1C0-8784F94FADFB}.Release|x64.Build.0 = Release|Any CPU
		{A179B668-C79F-4A5A-A1C0-8784F94FADFB}.Release|x86.ActiveCfg = Release|Any CPU
		{A179B668-C79F-4A5A-A1C0-8784F94FADFB}.Release|x86.Build.0 = Release|Any CPU
		{34A73C0E-0E3F-4E72-B171-C3D60682CB5A}.Debug|Any CPU.ActiveCfg = Debug|Any CPU
		{34A73C0E-0E3F-4E72-B171-C3D60682CB5A}.Debug|Any CPU.Build.0 = Debug|Any CPU
		{34A73C0E-0E3F-4E72-B171-C3D60682CB5A}.Debug|x64.ActiveCfg = Debug|Any CPU
		{34A73C0E-0E3F-4E72-B171-C3D60682CB5A}.Debug|x64.Build.0 = Debug|Any CPU
		{34A73C0E-0E3F-4E72-B171-C3D60682CB5A}.Debug|x86.ActiveCfg = Debug|Any CPU
		{34A73C0E-0E3F-4E72-B171-C3D60682CB5A}.Debug|x86.Build.0 = Debug|Any CPU
		{34A73C0E-0E3F-4E72-B171-C3D60682CB5A}.Release|Any CPU.ActiveCfg = Release|Any CPU
		{34A73C0E-0E3F-4E72-B171-C3D60682CB5A}.Release|Any CPU.Build.0 = Release|Any CPU
		{34A73C0E-0E3F-4E72-B171-C3D60682CB5A}.Release|x64.ActiveCfg = Release|Any CPU
		{34A73C0E-0E3F-4E72-B171-C3D60682CB5A}.Release|x64.Build.0 = Release|Any CPU
		{34A73C0E-0E3F-4E72-B171-C3D60682CB5A}.Release|x86.ActiveCfg = Release|Any CPU
		{34A73C0E-0E3F-4E72-B171-C3D60682CB5A}.Release|x86.Build.0 = Release|Any CPU
		{6FE74914-FB0C-45C9-BB12-E8CC4F99605D}.Debug|Any CPU.ActiveCfg = Debug|Any CPU
		{6FE74914-FB0C-45C9-BB12-E8CC4F99605D}.Debug|Any CPU.Build.0 = Debug|Any CPU
		{6FE74914-FB0C-45C9-BB12-E8CC4F99605D}.Debug|x64.ActiveCfg = Debug|Any CPU
		{6FE74914-FB0C-45C9-BB12-E8CC4F99605D}.Debug|x64.Build.0 = Debug|Any CPU
		{6FE74914-FB0C-45C9-BB12-E8CC4F99605D}.Debug|x86.ActiveCfg = Debug|Any CPU
		{6FE74914-FB0C-45C9-BB12-E8CC4F99605D}.Debug|x86.Build.0 = Debug|Any CPU
		{6FE74914-FB0C-45C9-BB12-E8CC4F99605D}.Release|Any CPU.ActiveCfg = Release|Any CPU
		{6FE74914-FB0C-45C9-BB12-E8CC4F99605D}.Release|Any CPU.Build.0 = Release|Any CPU
		{6FE74914-FB0C-45C9-BB12-E8CC4F99605D}.Release|x64.ActiveCfg = Release|Any CPU
		{6FE74914-FB0C-45C9-BB12-E8CC4F99605D}.Release|x64.Build.0 = Release|Any CPU
		{6FE74914-FB0C-45C9-BB12-E8CC4F99605D}.Release|x86.ActiveCfg = Release|Any CPU
		{6FE74914-FB0C-45C9-BB12-E8CC4F99605D}.Release|x86.Build.0 = Release|Any CPU
	EndGlobalSection
	GlobalSection(SolutionProperties) = preSolution
		HideSolutionNode = FALSE
	EndGlobalSection
	GlobalSection(NestedProjects) = preSolution
		{96222917-B19A-4CF0-90FA-D509AD7356E3} = {7266C4A9-E384-DC00-0EB6-47F6002CFBA7}
		{A6EF4607-5653-4156-9A41-7AC353638FD4} = {7266C4A9-E384-DC00-0EB6-47F6002CFBA7}
		{ADFCD845-A3EB-44C9-8434-886C8CB4252C} = {7266C4A9-E384-DC00-0EB6-47F6002CFBA7}
		{BD1B49DD-5188-48B6-801C-3A59E865D659} = {7266C4A9-E384-DC00-0EB6-47F6002CFBA7}
		{1D76C8A9-087D-026C-39DE-3B7051FD459C} = {5854FF58-B8C5-05C6-5BF2-ACE42193F22B}
		{89459E85-4387-4485-B4A3-BBDAA9B60B70} = {1D76C8A9-087D-026C-39DE-3B7051FD459C}
		{AC3AC4AF-E03C-43F3-AC8C-10A4858592EA} = {1D76C8A9-087D-026C-39DE-3B7051FD459C}
		{F107AA5A-8926-4EF9-B9A9-2EAF26E1F916} = {1D76C8A9-087D-026C-39DE-3B7051FD459C}
		{62FDA32B-5A4D-420B-A005-9021C878B844} = {1D76C8A9-087D-026C-39DE-3B7051FD459C}
		{B707C626-03AF-414D-9F4F-2AB7680DC950} = {1D76C8A9-087D-026C-39DE-3B7051FD459C}
		{D54F5BB0-1527-4A02-A980-E67B406FE52A} = {1D76C8A9-087D-026C-39DE-3B7051FD459C}
		{65A457E9-96A8-4778-ADA0-B783840FA817} = {1D76C8A9-087D-026C-39DE-3B7051FD459C}
		{DF5C5588-BCBC-0155-D5A7-4C97CBE0BF95} = {5854FF58-B8C5-05C6-5BF2-ACE42193F22B}
		{D6A3F4C1-A5A8-4D28-BF65-AD9A00F18C23} = {DF5C5588-BCBC-0155-D5A7-4C97CBE0BF95}
		{A731F15F-2B60-42BC-9404-4F66C6B22D12} = {DF5C5588-BCBC-0155-D5A7-4C97CBE0BF95}
		{92FFC6B1-39AD-41DD-B9AF-AD67638A8534} = {DF5C5588-BCBC-0155-D5A7-4C97CBE0BF95}
		{26454EB2-2191-4847-81AF-3E163F1F5C41} = {DF5C5588-BCBC-0155-D5A7-4C97CBE0BF95}
		{2B0F2110-5D45-426B-A1C7-2D4B500B815C} = {DF5C5588-BCBC-0155-D5A7-4C97CBE0BF95}
		{40213C7A-1110-4EC8-889D-454374FE3376} = {DF5C5588-BCBC-0155-D5A7-4C97CBE0BF95}
		{8F0EB3CA-DBAF-435F-9056-E353B6E26681} = {DF5C5588-BCBC-0155-D5A7-4C97CBE0BF95}
		{C8E19F1E-660C-2424-AFCF-32A5336AE7CD} = {5854FF58-B8C5-05C6-5BF2-ACE42193F22B}
		{24B8AD79-703D-478A-8FA4-6011EB9985FB} = {C8E19F1E-660C-2424-AFCF-32A5336AE7CD}
		{7A514C9C-281C-4D30-840D-B8A07188F434} = {C8E19F1E-660C-2424-AFCF-32A5336AE7CD}
		{4D0C11F4-D8D3-4C66-9C6E-978CA2DB93A1} = {C8E19F1E-660C-2424-AFCF-32A5336AE7CD}
		{99457DD7-B7BD-4D0B-AFC4-C1A1E51443F1} = {C8E19F1E-660C-2424-AFCF-32A5336AE7CD}
		{0B10FCBB-1BE0-4246-BE7C-8F16A1BC988C} = {C8E19F1E-660C-2424-AFCF-32A5336AE7CD}
		{631CD965-6A26-4419-BCB3-D8CAD97DA67C} = {C8E19F1E-660C-2424-AFCF-32A5336AE7CD}
		{ECC3F24B-1501-4555-A6EA-0FCF10F27227} = {C8E19F1E-660C-2424-AFCF-32A5336AE7CD}
		{06470F13-D646-4954-ED4A-FA216054436A} = {5854FF58-B8C5-05C6-5BF2-ACE42193F22B}
		{D259DEA3-DCE9-496D-87EC-F42BBEEAFBBE} = {06470F13-D646-4954-ED4A-FA216054436A}
		{118CB5F0-34D9-409C-8F43-6987F0D00757} = {06470F13-D646-4954-ED4A-FA216054436A}
		{8F0F07B8-7971-4C24-8B3E-124B4E496C5F} = {06470F13-D646-4954-ED4A-FA216054436A}
		{67D3B41E-EEED-4BA9-9FBE-ECBAF260B711} = {06470F13-D646-4954-ED4A-FA216054436A}
		{5D8B3001-A0F8-4E5E-9EBA-B797BAD1E371} = {06470F13-D646-4954-ED4A-FA216054436A}
		{EDD94FCE-CEC2-4FED-8915-3C21B2B1F72C} = {06470F13-D646-4954-ED4A-FA216054436A}
		{22471ABE-5F02-40DF-8108-CAC5C19B2386} = {06470F13-D646-4954-ED4A-FA216054436A}
		{694370DE-EFDF-417D-2C0B-565E7EEF2A7A} = {5854FF58-B8C5-05C6-5BF2-ACE42193F22B}
		{D43364EF-4E1C-47E6-9062-5317DBBB6C18} = {694370DE-EFDF-417D-2C0B-565E7EEF2A7A}
		{6E710332-DC81-4105-BB3E-032A1FEFD8D6} = {694370DE-EFDF-417D-2C0B-565E7EEF2A7A}
		{FC155CE0-A39E-4504-8856-F77AAF3108B3} = {694370DE-EFDF-417D-2C0B-565E7EEF2A7A}
		{CAADB119-7B59-4D7A-ACDC-65B7CAD9E116} = {694370DE-EFDF-417D-2C0B-565E7EEF2A7A}
		{B765F9FE-C119-4637-8B32-ADEBD7430697} = {694370DE-EFDF-417D-2C0B-565E7EEF2A7A}
		{A179B668-C79F-4A5A-A1C0-8784F94FADFB} = {694370DE-EFDF-417D-2C0B-565E7EEF2A7A}
		{34A73C0E-0E3F-4E72-B171-C3D60682CB5A} = {694370DE-EFDF-417D-2C0B-565E7EEF2A7A}
		{6FE74914-FB0C-45C9-BB12-E8CC4F99605D} = {7266C4A9-E384-DC00-0EB6-47F6002CFBA7}
	EndGlobalSection
EndGlobal
